
Microsoft Visual Studio Solution File, Format Version 12.00
# Visual Studio Version 17
VisualStudioVersion = 17.8.34525.116
MinimumVisualStudioVersion = 10.0.40219.1
Project("{FAE04EC0-301F-11D3-BF4B-00C04F79EFBC}") = "AoShinhoServ-Monitor", "AoShinhoServ-Monitor.csproj", "{803C0EF4-7706-4E81-908D-69FD4905E48E}"
EndProject
Global
	GlobalSection(SolutionConfigurationPlatforms) = preSolution
		Debug|Any CPU = Debug|Any CPU
		Release|Any CPU = Release|Any CPU
	EndGlobalSection
	GlobalSection(ProjectConfigurationPlatforms) = postSolution
		{803C0EF4-7706-4E81-908D-69FD4905E48E}.Debug|Any CPU.ActiveCfg = Debug|Any CPU
		{803C0EF4-7706-4E81-908D-69FD4905E48E}.Debug|Any CPU.Build.0 = Debug|Any CPU
		{803C0EF4-7706-4E81-908D-69FD4905E48E}.Release|Any CPU.ActiveCfg = Release|Any CPU
		{803C0EF4-7706-4E81-908D-69FD4905E48E}.Release|Any CPU.Build.0 = Release|Any CPU
	EndGlobalSection
	GlobalSection(SolutionProperties) = preSolution
		HideSolutionNode = FALSE
	EndGlobalSection
	GlobalSection(ExtensibilityGlobals) = postSolution
		SolutionGuid = {86CDE9F7-5447-46D0-8801-0C22ECF9D1CA}
	EndGlobalSection
EndGlobal
